
Microsoft Visual Studio Solution File, Format Version 12.00
# Visual Studio Version 16
VisualStudioVersion = 16.0.32802.440
MinimumVisualStudioVersion = 10.0.40219.1
Project("{FAE04EC0-301F-11D3-BF4B-00C04F79EFBC}") = "Ticket_Program", "Ticket_Program\Ticket_Program.csproj", "{59C38355-9976-4969-830A-9A7AB31414EE}"
EndProject
Global
	GlobalSection(SolutionConfigurationPlatforms) = preSolution
		Debug|Any CPU = Debug|Any CPU
		Release|Any CPU = Release|Any CPU
	EndGlobalSection
	GlobalSection(ProjectConfigurationPlatforms) = postSolution
		{59C38355-9976-4969-830A-9A7AB31414EE}.Debug|Any CPU.ActiveCfg = Debug|Any CPU
		{59C38355-9976-4969-830A-9A7AB31414EE}.Debug|Any CPU.Build.0 = Debug|Any CPU
		{59C38355-9976-4969-830A-9A7AB31414EE}.Release|Any CPU.ActiveCfg = Release|Any CPU
		{59C38355-9976-4969-830A-9A7AB31414EE}.Release|Any CPU.Build.0 = Release|Any CPU
	EndGlobalSection
	GlobalSection(SolutionProperties) = preSolution
		HideSolutionNode = FALSE
	EndGlobalSection
	GlobalSection(ExtensibilityGlobals) = postSolution
		SolutionGuid = {3CA1651C-6A77-40EA-BBD5-5CF07C40CE92}
	EndGlobalSection
EndGlobal
